
Microsoft Visual Studio Solution File, Format Version 12.00
# Visual Studio 15
VisualStudioVersion = 15.0.28307.136
MinimumVisualStudioVersion = 10.0.40219.1
Project("{FAE04EC0-301F-11D3-BF4B-00C04F79EFBC}") = "App01_ConsultarCEP.Android", "App01_ConsultarCEP\App01_ConsultarCEP.Android\App01_ConsultarCEP.Android.csproj", "{0740A8CF-4681-46E8-8B91-FD1ADA0E8B11}"
EndProject
Project("{FAE04EC0-301F-11D3-BF4B-00C04F79EFBC}") = "App01_ConsultarCEP.iOS", "App01_ConsultarCEP\App01_ConsultarCEP.iOS\App01_ConsultarCEP.iOS.csproj", "{51F61FEF-922D-4A41-A96B-7324950EF6B5}"
EndProject
Project("{FAE04EC0-301F-11D3-BF4B-00C04F79EFBC}") = "App01_ConsultarCEP.UWP", "App01_ConsultarCEP\App01_ConsultarCEP.UWP\App01_ConsultarCEP.UWP.csproj", "{A8F782BF-1749-475F-85F2-36C233ACF9CC}"
EndProject
Project("{FAE04EC0-301F-11D3-BF4B-00C04F79EFBC}") = "App01_ConsultarCEP", "App01_ConsultarCEP\App01_ConsultarCEP\App01_ConsultarCEP.csproj", "{D0632839-E58B-4ED0-893A-B69D91B64F57}"
EndProject
Global
	GlobalSection(SolutionConfigurationPlatforms) = preSolution
		Ad-Hoc|Any CPU = Ad-Hoc|Any CPU
		Ad-Hoc|ARM = Ad-Hoc|ARM
		Ad-Hoc|iPhone = Ad-Hoc|iPhone
		Ad-Hoc|iPhoneSimulator = Ad-Hoc|iPhoneSimulator
		Ad-Hoc|x64 = Ad-Hoc|x64
		Ad-Hoc|x86 = Ad-Hoc|x86
		AppStore|Any CPU = AppStore|Any CPU
		AppStore|ARM = AppStore|ARM
		AppStore|iPhone = AppStore|iPhone
		AppStore|iPhoneSimulator = AppStore|iPhoneSimulator
		AppStore|x64 = AppStore|x64
		AppStore|x86 = AppStore|x86
		Debug|Any CPU = Debug|Any CPU
		Debug|ARM = Debug|ARM
		Debug|iPhone = Debug|iPhone
		Debug|iPhoneSimulator = Debug|iPhoneSimulator
		Debug|x64 = Debug|x64
		Debug|x86 = Debug|x86
		Release|Any CPU = Release|Any CPU
		Release|ARM = Release|ARM
		Release|iPhone = Release|iPhone
		Release|iPhoneSimulator = Release|iPhoneSimulator
		Release|x64 = Release|x64
		Release|x86 = Release|x86
	EndGlobalSection
	GlobalSection(ProjectConfigurationPlatforms) = postSolution
		{0740A8CF-4681-46E8-8B91-FD1ADA0E8B11}.Ad-Hoc|Any CPU.ActiveCfg = Release|Any CPU
		{0740A8CF-4681-46E8-8B91-FD1ADA0E8B11}.Ad-Hoc|Any CPU.Build.0 = Release|Any CPU
		{0740A8CF-4681-46E8-8B91-FD1ADA0E8B11}.Ad-Hoc|Any CPU.Deploy.0 = Release|Any CPU
		{0740A8CF-4681-46E8-8B91-FD1ADA0E8B11}.Ad-Hoc|ARM.ActiveCfg = Release|Any CPU
		{0740A8CF-4681-46E8-8B91-FD1ADA0E8B11}.Ad-Hoc|ARM.Build.0 = Release|Any CPU
		{0740A8CF-4681-46E8-8B91-FD1ADA0E8B11}.Ad-Hoc|ARM.Deploy.0 = Release|Any CPU
		{0740A8CF-4681-46E8-8B91-FD1ADA0E8B11}.Ad-Hoc|iPhone.ActiveCfg = Release|Any CPU
		{0740A8CF-4681-46E8-8B91-FD1ADA0E8B11}.Ad-Hoc|iPhone.Build.0 = Release|Any CPU
		{0740A8CF-4681-46E8-8B91-FD1ADA0E8B11}.Ad-Hoc|iPhone.Deploy.0 = Release|Any CPU
		{0740A8CF-4681-46E8-8B91-FD1ADA0E8B11}.Ad-Hoc|iPhoneSimulator.ActiveCfg = Release|Any CPU
		{0740A8CF-4681-46E8-8B91-FD1ADA0E8B11}.Ad-Hoc|iPhoneSimulator.Build.0 = Release|Any CPU
		{0740A8CF-4681-46E8-8B91-FD1ADA0E8B11}.Ad-Hoc|iPhoneSimulator.Deploy.0 = Release|Any CPU
		{0740A8CF-4681-46E8-8B91-FD1ADA0E8B11}.Ad-Hoc|x64.ActiveCfg = Release|Any CPU
		{0740A8CF-4681-46E8-8B91-FD1ADA0E8B11}.Ad-Hoc|x64.Build.0 = Release|Any CPU
		{0740A8CF-4681-46E8-8B91-FD1ADA0E8B11}.Ad-Hoc|x64.Deploy.0 = Release|Any CPU
		{0740A8CF-4681-46E8-8B91-FD1ADA0E8B11}.Ad-Hoc|x86.ActiveCfg = Release|Any CPU
		{0740A8CF-4681-46E8-8B91-FD1ADA0E8B11}.Ad-Hoc|x86.Build.0 = Release|Any CPU
		{0740A8CF-4681-46E8-8B91-FD1ADA0E8B11}.Ad-Hoc|x86.Deploy.0 = Release|Any CPU
		{0740A8CF-4681-46E8-8B91-FD1ADA0E8B11}.AppStore|Any CPU.ActiveCfg = Release|Any CPU
		{0740A8CF-4681-46E8-8B91-FD1ADA0E8B11}.AppStore|Any CPU.Build.0 = Release|Any CPU
		{0740A8CF-4681-46E8-8B91-FD1ADA0E8B11}.AppStore|Any CPU.Deploy.0 = Release|Any CPU
		{0740A8CF-4681-46E8-8B91-FD1ADA0E8B11}.AppStore|ARM.ActiveCfg = Release|Any CPU
		{0740A8CF-4681-46E8-8B91-FD1ADA0E8B11}.AppStore|ARM.Build.0 = Release|Any CPU
		{0740A8CF-4681-46E8-8B91-FD1ADA0E8B11}.AppStore|ARM.Deploy.0 = Release|Any CPU
		{0740A8CF-4681-46E8-8B91-FD1ADA0E8B11}.AppStore|iPhone.ActiveCfg = Release|Any CPU
		{0740A8CF-4681-46E8-8B91-FD1ADA0E8B11}.AppStore|iPhone.Build.0 = Release|Any CPU
		{0740A8CF-4681-46E8-8B91-FD1ADA0E8B11}.AppStore|iPhone.Deploy.0 = Release|Any CPU
		{0740A8CF-4681-46E8-8B91-FD1ADA0E8B11}.AppStore|iPhoneSimulator.ActiveCfg = Release|Any CPU
		{0740A8CF-4681-46E8-8B91-FD1ADA0E8B11}.AppStore|iPhoneSimulator.Build.0 = Release|Any CPU
		{0740A8CF-4681-46E8-8B91-FD1ADA0E8B11}.AppStore|iPhoneSimulator.Deploy.0 = Release|Any CPU
		{0740A8CF-4681-46E8-8B91-FD1ADA0E8B11}.AppStore|x64.ActiveCfg = Release|Any CPU
		{0740A8CF-4681-46E8-8B91-FD1ADA0E8B11}.AppStore|x64.Build.0 = Release|Any CPU
		{0740A8CF-4681-46E8-8B91-FD1ADA0E8B11}.AppStore|x64.Deploy.0 = Release|Any CPU
		{0740A8CF-4681-46E8-8B91-FD1ADA0E8B11}.AppStore|x86.ActiveCfg = Release|Any CPU
		{0740A8CF-4681-46E8-8B91-FD1ADA0E8B11}.AppStore|x86.Build.0 = Release|Any CPU
		{0740A8CF-4681-46E8-8B91-FD1ADA0E8B11}.AppStore|x86.Deploy.0 = Release|Any CPU
		{0740A8CF-4681-46E8-8B91-FD1ADA0E8B11}.Debug|Any CPU.ActiveCfg = Debug|Any CPU
		{0740A8CF-4681-46E8-8B91-FD1ADA0E8B11}.Debug|Any CPU.Build.0 = Debug|Any CPU
		{0740A8CF-4681-46E8-8B91-FD1ADA0E8B11}.Debug|Any CPU.Deploy.0 = Debug|Any CPU
		{0740A8CF-4681-46E8-8B91-FD1ADA0E8B11}.Debug|ARM.ActiveCfg = Debug|Any CPU
		{0740A8CF-4681-46E8-8B91-FD1ADA0E8B11}.Debug|ARM.Build.0 = Debug|Any CPU
		{0740A8CF-4681-46E8-8B91-FD1ADA0E8B11}.Debug|ARM.Deploy.0 = Debug|Any CPU
		{0740A8CF-4681-46E8-8B91-FD1ADA0E8B11}.Debug|iPhone.ActiveCfg = Debug|Any CPU
		{0740A8CF-4681-46E8-8B91-FD1ADA0E8B11}.Debug|iPhone.Build.0 = Debug|Any CPU
		{0740A8CF-4681-46E8-8B91-FD1ADA0E8B11}.Debug|iPhone.Deploy.0 = Debug|Any CPU
		{0740A8CF-4681-46E8-8B91-FD1ADA0E8B11}.Debug|iPhoneSimulator.ActiveCfg = Debug|Any CPU
		{0740A8CF-4681-46E8-8B91-FD1ADA0E8B11}.Debug|iPhoneSimulator.Build.0 = Debug|Any CPU
		{0740A8CF-4681-46E8-8B91-FD1ADA0E8B11}.Debug|iPhoneSimulator.Deploy.0 = Debug|Any CPU
		{0740A8CF-4681-46E8-8B91-FD1ADA0E8B11}.Debug|x64.ActiveCfg = Debug|Any CPU
		{0740A8CF-4681-46E8-8B91-FD1ADA0E8B11}.Debug|x64.Build.0 = Debug|Any CPU
		{0740A8CF-4681-46E8-8B91-FD1ADA0E8B11}.Debug|x64.Deploy.0 = Debug|Any CPU
		{0740A8CF-4681-46E8-8B91-FD1ADA0E8B11}.Debug|x86.ActiveCfg = Debug|Any CPU
		{0740A8CF-4681-46E8-8B91-FD1ADA0E8B11}.Debug|x86.Build.0 = Debug|Any CPU
		{0740A8CF-4681-46E8-8B91-FD1ADA0E8B11}.Debug|x86.Deploy.0 = Debug|Any CPU
		{0740A8CF-4681-46E8-8B91-FD1ADA0E8B11}.Release|Any CPU.ActiveCfg = Release|Any CPU
		{0740A8CF-4681-46E8-8B91-FD1ADA0E8B11}.Release|Any CPU.Build.0 = Release|Any CPU
		{0740A8CF-4681-46E8-8B91-FD1ADA0E8B11}.Release|Any CPU.Deploy.0 = Release|Any CPU
		{0740A8CF-4681-46E8-8B91-FD1ADA0E8B11}.Release|ARM.ActiveCfg = Release|Any CPU
		{0740A8CF-4681-46E8-8B91-FD1ADA0E8B11}.Release|ARM.Build.0 = Release|Any CPU
		{0740A8CF-4681-46E8-8B91-FD1ADA0E8B11}.Release|ARM.Deploy.0 = Release|Any CPU
		{0740A8CF-4681-46E8-8B91-FD1ADA0E8B11}.Release|iPhone.ActiveCfg = Release|Any CPU
		{0740A8CF-4681-46E8-8B91-FD1ADA0E8B11}.Release|iPhone.Build.0 = Release|Any CPU
		{0740A8CF-4681-46E8-8B91-FD1ADA0E8B11}.Release|iPhone.Deploy.0 = Release|Any CPU
		{0740A8CF-4681-46E8-8B91-FD1ADA0E8B11}.Release|iPhoneSimulator.ActiveCfg = Release|Any CPU
		{0740A8CF-4681-46E8-8B91-FD1ADA0E8B11}.Release|iPhoneSimulator.Build.0 = Release|Any CPU
		{0740A8CF-4681-46E8-8B91-FD1ADA0E8B11}.Release|iPhoneSimulator.Deploy.0 = Release|Any CPU
		{0740A8CF-4681-46E8-8B91-FD1ADA0E8B11}.Release|x64.ActiveCfg = Release|Any CPU
		{0740A8CF-4681-46E8-8B91-FD1ADA0E8B11}.Release|x64.Build.0 = Release|Any CPU
		{0740A8CF-4681-46E8-8B91-FD1ADA0E8B11}.Release|x64.Deploy.0 = Release|Any CPU
		{0740A8CF-4681-46E8-8B91-FD1ADA0E8B11}.Release|x86.ActiveCfg = Release|Any CPU
		{0740A8CF-4681-46E8-8B91-FD1ADA0E8B11}.Release|x86.Build.0 = Release|Any CPU
		{0740A8CF-4681-46E8-8B91-FD1ADA0E8B11}.Release|x86.Deploy.0 = Release|Any CPU
		{51F61FEF-922D-4A41-A96B-7324950EF6B5}.Ad-Hoc|Any CPU.ActiveCfg = Ad-Hoc|iPhone
		{51F61FEF-922D-4A41-A96B-7324950EF6B5}.Ad-Hoc|Any CPU.Build.0 = Ad-Hoc|iPhone
		{51F61FEF-922D-4A41-A96B-7324950EF6B5}.Ad-Hoc|Any CPU.Deploy.0 = Ad-Hoc|iPhone
		{51F61FEF-922D-4A41-A96B-7324950EF6B5}.Ad-Hoc|ARM.ActiveCfg = Ad-Hoc|iPhone
		{51F61FEF-922D-4A41-A96B-7324950EF6B5}.Ad-Hoc|ARM.Build.0 = Ad-Hoc|iPhone
		{51F61FEF-922D-4A41-A96B-7324950EF6B5}.Ad-Hoc|ARM.Deploy.0 = Ad-Hoc|iPhone
		{51F61FEF-922D-4A41-A96B-7324950EF6B5}.Ad-Hoc|iPhone.ActiveCfg = Ad-Hoc|iPhone
		{51F61FEF-922D-4A41-A96B-7324950EF6B5}.Ad-Hoc|iPhone.Build.0 = Ad-Hoc|iPhone
		{51F61FEF-922D-4A41-A96B-7324950EF6B5}.Ad-Hoc|iPhone.Deploy.0 = Ad-Hoc|iPhone
		{51F61FEF-922D-4A41-A96B-7324950EF6B5}.Ad-Hoc|iPhoneSimulator.ActiveCfg = Ad-Hoc|iPhoneSimulator
		{51F61FEF-922D-4A41-A96B-7324950EF6B5}.Ad-Hoc|iPhoneSimulator.Build.0 = Ad-Hoc|iPhoneSimulator
		{51F61FEF-922D-4A41-A96B-7324950EF6B5}.Ad-Hoc|iPhoneSimulator.Deploy.0 = Ad-Hoc|iPhoneSimulator
		{51F61FEF-922D-4A41-A96B-7324950EF6B5}.Ad-Hoc|x64.ActiveCfg = Ad-Hoc|iPhone
		{51F61FEF-922D-4A41-A96B-7324950EF6B5}.Ad-Hoc|x64.Build.0 = Ad-Hoc|iPhone
		{51F61FEF-922D-4A41-A96B-7324950EF6B5}.Ad-Hoc|x64.Deploy.0 = Ad-Hoc|iPhone
		{51F61FEF-922D-4A41-A96B-7324950EF6B5}.Ad-Hoc|x86.ActiveCfg = Ad-Hoc|iPhone
		{51F61FEF-922D-4A41-A96B-7324950EF6B5}.Ad-Hoc|x86.Build.0 = Ad-Hoc|iPhone
		{51F61FEF-922D-4A41-A96B-7324950EF6B5}.Ad-Hoc|x86.Deploy.0 = Ad-Hoc|iPhone
		{51F61FEF-922D-4A41-A96B-7324950EF6B5}.AppStore|Any CPU.ActiveCfg = AppStore|iPhone
		{51F61FEF-922D-4A41-A96B-7324950EF6B5}.AppStore|Any CPU.Build.0 = AppStore|iPhone
		{51F61FEF-922D-4A41-A96B-7324950EF6B5}.AppStore|Any CPU.Deploy.0 = AppStore|iPhone
		{51F61FEF-922D-4A41-A96B-7324950EF6B5}.AppStore|ARM.ActiveCfg = AppStore|iPhone
		{51F61FEF-922D-4A41-A96B-7324950EF6B5}.AppStore|ARM.Build.0 = AppStore|iPhone
		{51F61FEF-922D-4A41-A96B-7324950EF6B5}.AppStore|ARM.Deploy.0 = AppStore|iPhone
		{51F61FEF-922D-4A41-A96B-7324950EF6B5}.AppStore|iPhone.ActiveCfg = AppStore|iPhone
		{51F61FEF-922D-4A41-A96B-7324950EF6B5}.AppStore|iPhone.Build.0 = AppStore|iPhone
		{51F61FEF-922D-4A41-A96B-7324950EF6B5}.AppStore|iPhone.Deploy.0 = AppStore|iPhone
		{51F61FEF-922D-4A41-A96B-7324950EF6B5}.AppStore|iPhoneSimulator.ActiveCfg = AppStore|iPhoneSimulator
		{51F61FEF-922D-4A41-A96B-7324950EF6B5}.AppStore|iPhoneSimulator.Build.0 = AppStore|iPhoneSimulator
		{51F61FEF-922D-4A41-A96B-7324950EF6B5}.AppStore|iPhoneSimulator.Deploy.0 = AppStore|iPhoneSimulator
		{51F61FEF-922D-4A41-A96B-7324950EF6B5}.AppStore|x64.ActiveCfg = AppStore|iPhone
		{51F61FEF-922D-4A41-A96B-7324950EF6B5}.AppStore|x64.Build.0 = AppStore|iPhone
		{51F61FEF-922D-4A41-A96B-7324950EF6B5}.AppStore|x64.Deploy.0 = AppStore|iPhone
		{51F61FEF-922D-4A41-A96B-7324950EF6B5}.AppStore|x86.ActiveCfg = AppStore|iPhone
		{51F61FEF-922D-4A41-A96B-7324950EF6B5}.AppStore|x86.Build.0 = AppStore|iPhone
		{51F61FEF-922D-4A41-A96B-7324950EF6B5}.AppStore|x86.Deploy.0 = AppStore|iPhone
		{51F61FEF-922D-4A41-A96B-7324950EF6B5}.Debug|Any CPU.ActiveCfg = Debug|iPhoneSimulator
		{51F61FEF-922D-4A41-A96B-7324950EF6B5}.Debug|Any CPU.Build.0 = Debug|iPhoneSimulator
		{51F61FEF-922D-4A41-A96B-7324950EF6B5}.Debug|Any CPU.Deploy.0 = Debug|iPhoneSimulator
		{51F61FEF-922D-4A41-A96B-7324950EF6B5}.Debug|ARM.ActiveCfg = Debug|iPhone
		{51F61FEF-922D-4A41-A96B-7324950EF6B5}.Debug|ARM.Build.0 = Debug|iPhone
		{51F61FEF-922D-4A41-A96B-7324950EF6B5}.Debug|ARM.Deploy.0 = Debug|iPhone
		{51F61FEF-922D-4A41-A96B-7324950EF6B5}.Debug|iPhone.ActiveCfg = Debug|iPhone
		{51F61FEF-922D-4A41-A96B-7324950EF6B5}.Debug|iPhone.Build.0 = Debug|iPhone
		{51F61FEF-922D-4A41-A96B-7324950EF6B5}.Debug|iPhone.Deploy.0 = Debug|iPhone
		{51F61FEF-922D-4A41-A96B-7324950EF6B5}.Debug|iPhoneSimulator.ActiveCfg = Debug|iPhoneSimulator
		{51F61FEF-922D-4A41-A96B-7324950EF6B5}.Debug|iPhoneSimulator.Build.0 = Debug|iPhoneSimulator
		{51F61FEF-922D-4A41-A96B-7324950EF6B5}.Debug|iPhoneSimulator.Deploy.0 = Debug|iPhoneSimulator
		{51F61FEF-922D-4A41-A96B-7324950EF6B5}.Debug|x64.ActiveCfg = Debug|iPhone
		{51F61FEF-922D-4A41-A96B-7324950EF6B5}.Debug|x64.Build.0 = Debug|iPhone
		{51F61FEF-922D-4A41-A96B-7324950EF6B5}.Debug|x64.Deploy.0 = Debug|iPhone
		{51F61FEF-922D-4A41-A96B-7324950EF6B5}.Debug|x86.ActiveCfg = Debug|iPhone
		{51F61FEF-922D-4A41-A96B-7324950EF6B5}.Debug|x86.Build.0 = Debug|iPhone
		{51F61FEF-922D-4A41-A96B-7324950EF6B5}.Debug|x86.Deploy.0 = Debug|iPhone
		{51F61FEF-922D-4A41-A96B-7324950EF6B5}.Release|Any CPU.ActiveCfg = Release|iPhone
		{51F61FEF-922D-4A41-A96B-7324950EF6B5}.Release|Any CPU.Build.0 = Release|iPhone
		{51F61FEF-922D-4A41-A96B-7324950EF6B5}.Release|Any CPU.Deploy.0 = Release|iPhone
		{51F61FEF-922D-4A41-A96B-7324950EF6B5}.Release|ARM.ActiveCfg = Release|iPhone
		{51F61FEF-922D-4A41-A96B-7324950EF6B5}.Release|ARM.Build.0 = Release|iPhone
		{51F61FEF-922D-4A41-A96B-7324950EF6B5}.Release|ARM.Deploy.0 = Release|iPhone
		{51F61FEF-922D-4A41-A96B-7324950EF6B5}.Release|iPhone.ActiveCfg = Release|iPhone
		{51F61FEF-922D-4A41-A96B-7324950EF6B5}.Release|iPhone.Build.0 = Release|iPhone
		{51F61FEF-922D-4A41-A96B-7324950EF6B5}.Release|iPhone.Deploy.0 = Release|iPhone
		{51F61FEF-922D-4A41-A96B-7324950EF6B5}.Release|iPhoneSimulator.ActiveCfg = Release|iPhoneSimulator
		{51F61FEF-922D-4A41-A96B-7324950EF6B5}.Release|iPhoneSimulator.Build.0 = Release|iPhoneSimulator
		{51F61FEF-922D-4A41-A96B-7324950EF6B5}.Release|iPhoneSimulator.Deploy.0 = Release|iPhoneSimulator
		{51F61FEF-922D-4A41-A96B-7324950EF6B5}.Release|x64.ActiveCfg = Release|iPhone
		{51F61FEF-922D-4A41-A96B-7324950EF6B5}.Release|x64.Build.0 = Release|iPhone
		{51F61FEF-922D-4A41-A96B-7324950EF6B5}.Release|x64.Deploy.0 = Release|iPhone
		{51F61FEF-922D-4A41-A96B-7324950EF6B5}.Release|x86.ActiveCfg = Release|iPhone
		{51F61FEF-922D-4A41-A96B-7324950EF6B5}.Release|x86.Build.0 = Release|iPhone
		{51F61FEF-922D-4A41-A96B-7324950EF6B5}.Release|x86.Deploy.0 = Release|iPhone
		{A8F782BF-1749-475F-85F2-36C233ACF9CC}.Ad-Hoc|Any CPU.ActiveCfg = Release|x86
		{A8F782BF-1749-475F-85F2-36C233ACF9CC}.Ad-Hoc|Any CPU.Build.0 = Release|x86
		{A8F782BF-1749-475F-85F2-36C233ACF9CC}.Ad-Hoc|Any CPU.Deploy.0 = Release|x86
		{A8F782BF-1749-475F-85F2-36C233ACF9CC}.Ad-Hoc|ARM.ActiveCfg = Release|ARM
		{A8F782BF-1749-475F-85F2-36C233ACF9CC}.Ad-Hoc|ARM.Build.0 = Release|ARM
		{A8F782BF-1749-475F-85F2-36C233ACF9CC}.Ad-Hoc|ARM.Deploy.0 = Release|ARM
		{A8F782BF-1749-475F-85F2-36C233ACF9CC}.Ad-Hoc|iPhone.ActiveCfg = Release|x86
		{A8F782BF-1749-475F-85F2-36C233ACF9CC}.Ad-Hoc|iPhone.Build.0 = Release|x86
		{A8F782BF-1749-475F-85F2-36C233ACF9CC}.Ad-Hoc|iPhone.Deploy.0 = Release|x86
		{A8F782BF-1749-475F-85F2-36C233ACF9CC}.Ad-Hoc|iPhoneSimulator.ActiveCfg = Release|x86
		{A8F782BF-1749-475F-85F2-36C233ACF9CC}.Ad-Hoc|iPhoneSimulator.Build.0 = Release|x86
		{A8F782BF-1749-475F-85F2-36C233ACF9CC}.Ad-Hoc|iPhoneSimulator.Deploy.0 = Release|x86
		{A8F782BF-1749-475F-85F2-36C233ACF9CC}.Ad-Hoc|x64.ActiveCfg = Release|x64
		{A8F782BF-1749-475F-85F2-36C233ACF9CC}.Ad-Hoc|x64.Build.0 = Release|x64
		{A8F782BF-1749-475F-85F2-36C233ACF9CC}.Ad-Hoc|x64.Deploy.0 = Release|x64
		{A8F782BF-1749-475F-85F2-36C233ACF9CC}.Ad-Hoc|x86.ActiveCfg = Release|x86
		{A8F782BF-1749-475F-85F2-36C233ACF9CC}.Ad-Hoc|x86.Build.0 = Release|x86
		{A8F782BF-1749-475F-85F2-36C233ACF9CC}.Ad-Hoc|x86.Deploy.0 = Release|x86
		{A8F782BF-1749-475F-85F2-36C233ACF9CC}.AppStore|Any CPU.ActiveCfg = Release|x86
		{A8F782BF-1749-475F-85F2-36C233ACF9CC}.AppStore|Any CPU.Build.0 = Release|x86
		{A8F782BF-1749-475F-85F2-36C233ACF9CC}.AppStore|Any CPU.Deploy.0 = Release|x86
		{A8F782BF-1749-475F-85F2-36C233ACF9CC}.AppStore|ARM.ActiveCfg = Release|ARM
		{A8F782BF-1749-475F-85F2-36C233ACF9CC}.AppStore|ARM.Build.0 = Release|ARM
		{A8F782BF-1749-475F-85F2-36C233ACF9CC}.AppStore|ARM.Deploy.0 = Release|ARM
		{A8F782BF-1749-475F-85F2-36C233ACF9CC}.AppStore|iPhone.ActiveCfg = Release|x86
		{A8F782BF-1749-475F-85F2-36C233ACF9CC}.AppStore|iPhone.Build.0 = Release|x86
		{A8F782BF-1749-475F-85F2-36C233ACF9CC}.AppStore|iPhone.Deploy.0 = Release|x86
		{A8F782BF-1749-475F-85F2-36C233ACF9CC}.AppStore|iPhoneSimulator.ActiveCfg = Release|x86
		{A8F782BF-1749-475F-85F2-36C233ACF9CC}.AppStore|iPhoneSimulator.Build.0 = Release|x86
		{A8F782BF-1749-475F-85F2-36C233ACF9CC}.AppStore|iPhoneSimulator.Deploy.0 = Release|x86
		{A8F782BF-1749-475F-85F2-36C233ACF9CC}.AppStore|x64.ActiveCfg = Release|x64
		{A8F782BF-1749-475F-85F2-36C233ACF9CC}.AppStore|x64.Build.0 = Release|x64
		{A8F782BF-1749-475F-85F2-36C233ACF9CC}.AppStore|x64.Deploy.0 = Release|x64
		{A8F782BF-1749-475F-85F2-36C233ACF9CC}.AppStore|x86.ActiveCfg = Release|x86
		{A8F782BF-1749-475F-85F2-36C233ACF9CC}.AppStore|x86.Build.0 = Release|x86
		{A8F782BF-1749-475F-85F2-36C233ACF9CC}.AppStore|x86.Deploy.0 = Release|x86
		{A8F782BF-1749-475F-85F2-36C233ACF9CC}.Debug|Any CPU.ActiveCfg = Debug|x86
		{A8F782BF-1749-475F-85F2-36C233ACF9CC}.Debug|Any CPU.Build.0 = Debug|x86
		{A8F782BF-1749-475F-85F2-36C233ACF9CC}.Debug|Any CPU.Deploy.0 = Debug|x86
		{A8F782BF-1749-475F-85F2-36C233ACF9CC}.Debug|ARM.ActiveCfg = Debug|ARM
		{A8F782BF-1749-475F-85F2-36C233ACF9CC}.Debug|ARM.Build.0 = Debug|ARM
		{A8F782BF-1749-475F-85F2-36C233ACF9CC}.Debug|ARM.Deploy.0 = Debug|ARM
		{A8F782BF-1749-475F-85F2-36C233ACF9CC}.Debug|iPhone.ActiveCfg = Debug|x86
		{A8F782BF-1749-475F-85F2-36C233ACF9CC}.Debug|iPhone.Build.0 = Debug|x86
		{A8F782BF-1749-475F-85F2-36C233ACF9CC}.Debug|iPhone.Deploy.0 = Debug|x86
		{A8F782BF-1749-475F-85F2-36C233ACF9CC}.Debug|iPhoneSimulator.ActiveCfg = Debug|x86
		{A8F782BF-1749-475F-85F2-36C233ACF9CC}.Debug|iPhoneSimulator.Build.0 = Debug|x86
		{A8F782BF-1749-475F-85F2-36C233ACF9CC}.Debug|iPhoneSimulator.Deploy.0 = Debug|x86
		{A8F782BF-1749-475F-85F2-36C233ACF9CC}.Debug|x64.ActiveCfg = Debug|x64
		{A8F782BF-1749-475F-85F2-36C233ACF9CC}.Debug|x64.Build.0 = Debug|x64
		{A8F782BF-1749-475F-85F2-36C233ACF9CC}.Debug|x64.Deploy.0 = Debug|x64
		{A8F782BF-1749-475F-85F2-36C233ACF9CC}.Debug|x86.ActiveCfg = Debug|x86
		{A8F782BF-1749-475F-85F2-36C233ACF9CC}.Debug|x86.Build.0 = Debug|x86
		{A8F782BF-1749-475F-85F2-36C233ACF9CC}.Debug|x86.Deploy.0 = Debug|x86
		{A8F782BF-1749-475F-85F2-36C233ACF9CC}.Release|Any CPU.ActiveCfg = Release|x86
		{A8F782BF-1749-475F-85F2-36C233ACF9CC}.Release|Any CPU.Build.0 = Release|x86
		{A8F782BF-1749-475F-85F2-36C233ACF9CC}.Release|Any CPU.Deploy.0 = Release|x86
		{A8F782BF-1749-475F-85F2-36C233ACF9CC}.Release|ARM.ActiveCfg = Release|ARM
		{A8F782BF-1749-475F-85F2-36C233ACF9CC}.Release|ARM.Build.0 = Release|ARM
		{A8F782BF-1749-475F-85F2-36C233ACF9CC}.Release|ARM.Deploy.0 = Release|ARM
		{A8F782BF-1749-475F-85F2-36C233ACF9CC}.Release|iPhone.ActiveCfg = Release|x86
		{A8F782BF-1749-475F-85F2-36C233ACF9CC}.Release|iPhone.Build.0 = Release|x86
		{A8F782BF-1749-475F-85F2-36C233ACF9CC}.Release|iPhone.Deploy.0 = Release|x86
		{A8F782BF-1749-475F-85F2-36C233ACF9CC}.Release|iPhoneSimulator.ActiveCfg = Release|x86
		{A8F782BF-1749-475F-85F2-36C233ACF9CC}.Release|iPhoneSimulator.Build.0 = Release|x86
		{A8F782BF-1749-475F-85F2-36C233ACF9CC}.Release|iPhoneSimulator.Deploy.0 = Release|x86
		{A8F782BF-1749-475F-85F2-36C233ACF9CC}.Release|x64.ActiveCfg = Release|x64
		{A8F782BF-1749-475F-85F2-36C233ACF9CC}.Release|x64.Build.0 = Release|x64
		{A8F782BF-1749-475F-85F2-36C233ACF9CC}.Release|x64.Deploy.0 = Release|x64
		{A8F782BF-1749-475F-85F2-36C233ACF9CC}.Release|x86.ActiveCfg = Release|x86
		{A8F782BF-1749-475F-85F2-36C233ACF9CC}.Release|x86.Build.0 = Release|x86
		{A8F782BF-1749-475F-85F2-36C233ACF9CC}.Release|x86.Deploy.0 = Release|x86
		{D0632839-E58B-4ED0-893A-B69D91B64F57}.Ad-Hoc|Any CPU.ActiveCfg = Debug|Any CPU
		{D0632839-E58B-4ED0-893A-B69D91B64F57}.Ad-Hoc|Any CPU.Build.0 = Debug|Any CPU
		{D0632839-E58B-4ED0-893A-B69D91B64F57}.Ad-Hoc|Any CPU.Deploy.0 = Debug|Any CPU
		{D0632839-E58B-4ED0-893A-B69D91B64F57}.Ad-Hoc|ARM.ActiveCfg = Debug|Any CPU
		{D0632839-E58B-4ED0-893A-B69D91B64F57}.Ad-Hoc|ARM.Build.0 = Debug|Any CPU
		{D0632839-E58B-4ED0-893A-B69D91B64F57}.Ad-Hoc|ARM.Deploy.0 = Debug|Any CPU
		{D0632839-E58B-4ED0-893A-B69D91B64F57}.Ad-Hoc|iPhone.ActiveCfg = Debug|Any CPU
		{D0632839-E58B-4ED0-893A-B69D91B64F57}.Ad-Hoc|iPhone.Build.0 = Debug|Any CPU
		{D0632839-E58B-4ED0-893A-B69D91B64F57}.Ad-Hoc|iPhone.Deploy.0 = Debug|Any CPU
		{D0632839-E58B-4ED0-893A-B69D91B64F57}.Ad-Hoc|iPhoneSimulator.ActiveCfg = Debug|Any CPU
		{D0632839-E58B-4ED0-893A-B69D91B64F57}.Ad-Hoc|iPhoneSimulator.Build.0 = Debug|Any CPU
		{D0632839-E58B-4ED0-893A-B69D91B64F57}.Ad-Hoc|iPhoneSimulator.Deploy.0 = Debug|Any CPU
		{D0632839-E58B-4ED0-893A-B69D91B64F57}.Ad-Hoc|x64.ActiveCfg = Debug|Any CPU
		{D0632839-E58B-4ED0-893A-B69D91B64F57}.Ad-Hoc|x64.Build.0 = Debug|Any CPU
		{D0632839-E58B-4ED0-893A-B69D91B64F57}.Ad-Hoc|x64.Deploy.0 = Debug|Any CPU
		{D0632839-E58B-4ED0-893A-B69D91B64F57}.Ad-Hoc|x86.ActiveCfg = Debug|Any CPU
		{D0632839-E58B-4ED0-893A-B69D91B64F57}.Ad-Hoc|x86.Build.0 = Debug|Any CPU
		{D0632839-E58B-4ED0-893A-B69D91B64F57}.Ad-Hoc|x86.Deploy.0 = Debug|Any CPU
		{D0632839-E58B-4ED0-893A-B69D91B64F57}.AppStore|Any CPU.ActiveCfg = Debug|Any CPU
		{D0632839-E58B-4ED0-893A-B69D91B64F57}.AppStore|Any CPU.Build.0 = Debug|Any CPU
		{D0632839-E58B-4ED0-893A-B69D91B64F57}.AppStore|Any CPU.Deploy.0 = Debug|Any CPU
		{D0632839-E58B-4ED0-893A-B69D91B64F57}.AppStore|ARM.ActiveCfg = Debug|Any CPU
		{D0632839-E58B-4ED0-893A-B69D91B64F57}.AppStore|ARM.Build.0 = Debug|Any CPU
		{D0632839-E58B-4ED0-893A-B69D91B64F57}.AppStore|ARM.Deploy.0 = Debug|Any CPU
		{D0632839-E58B-4ED0-893A-B69D91B64F57}.AppStore|iPhone.ActiveCfg = Debug|Any CPU
		{D0632839-E58B-4ED0-893A-B69D91B64F57}.AppStore|iPhone.Build.0 = Debug|Any CPU
		{D0632839-E58B-4ED0-893A-B69D91B64F57}.AppStore|iPhone.Deploy.0 = Debug|Any CPU
		{D0632839-E58B-4ED0-893A-B69D91B64F57}.AppStore|iPhoneSimulator.ActiveCfg = Debug|Any CPU
		{D0632839-E58B-4ED0-893A-B69D91B64F57}.AppStore|iPhoneSimulator.Build.0 = Debug|Any CPU
		{D0632839-E58B-4ED0-893A-B69D91B64F57}.AppStore|iPhoneSimulator.Deploy.0 = Debug|Any CPU
		{D0632839-E58B-4ED0-893A-B69D91B64F57}.AppStore|x64.ActiveCfg = Debug|Any CPU
		{D0632839-E58B-4ED0-893A-B69D91B64F57}.AppStore|x64.Build.0 = Debug|Any CPU
		{D0632839-E58B-4ED0-893A-B69D91B64F57}.AppStore|x64.Deploy.0 = Debug|Any CPU
		{D0632839-E58B-4ED0-893A-B69D91B64F57}.AppStore|x86.ActiveCfg = Debug|Any CPU
		{D0632839-E58B-4ED0-893A-B69D91B64F57}.AppStore|x86.Build.0 = Debug|Any CPU
		{D0632839-E58B-4ED0-893A-B69D91B64F57}.AppStore|x86.Deploy.0 = Debug|Any CPU
		{D0632839-E58B-4ED0-893A-B69D91B64F57}.Debug|Any CPU.ActiveCfg = Debug|Any CPU
		{D0632839-E58B-4ED0-893A-B69D91B64F57}.Debug|Any CPU.Build.0 = Debug|Any CPU
		{D0632839-E58B-4ED0-893A-B69D91B64F57}.Debug|Any CPU.Deploy.0 = Debug|Any CPU
		{D0632839-E58B-4ED0-893A-B69D91B64F57}.Debug|ARM.ActiveCfg = Debug|Any CPU
		{D0632839-E58B-4ED0-893A-B69D91B64F57}.Debug|ARM.Build.0 = Debug|Any CPU
		{D0632839-E58B-4ED0-893A-B69D91B64F57}.Debug|ARM.Deploy.0 = Debug|Any CPU
		{D0632839-E58B-4ED0-893A-B69D91B64F57}.Debug|iPhone.ActiveCfg = Debug|Any CPU
		{D0632839-E58B-4ED0-893A-B69D91B64F57}.Debug|iPhone.Build.0 = Debug|Any CPU
		{D0632839-E58B-4ED0-893A-B69D91B64F57}.Debug|iPhone.Deploy.0 = Debug|Any CPU
		{D0632839-E58B-4ED0-893A-B69D91B64F57}.Debug|iPhoneSimulator.ActiveCfg = Debug|Any CPU
		{D0632839-E58B-4ED0-893A-B69D91B64F57}.Debug|iPhoneSimulator.Build.0 = Debug|Any CPU
		{D0632839-E58B-4ED0-893A-B69D91B64F57}.Debug|iPhoneSimulator.Deploy.0 = Debug|Any CPU
		{D0632839-E58B-4ED0-893A-B69D91B64F57}.Debug|x64.ActiveCfg = Debug|Any CPU
		{D0632839-E58B-4ED0-893A-B69D91B64F57}.Debug|x64.Build.0 = Debug|Any CPU
		{D0632839-E58B-4ED0-893A-B69D91B64F57}.Debug|x64.Deploy.0 = Debug|Any CPU
		{D0632839-E58B-4ED0-893A-B69D91B64F57}.Debug|x86.ActiveCfg = Debug|Any CPU
		{D0632839-E58B-4ED0-893A-B69D91B64F57}.Debug|x86.Build.0 = Debug|Any CPU
		{D0632839-E58B-4ED0-893A-B69D91B64F57}.Debug|x86.Deploy.0 = Debug|Any CPU
		{D0632839-E58B-4ED0-893A-B69D91B64F57}.Release|Any CPU.ActiveCfg = Release|Any CPU
		{D0632839-E58B-4ED0-893A-B69D91B64F57}.Release|Any CPU.Build.0 = Release|Any CPU
		{D0632839-E58B-4ED0-893A-B69D91B64F57}.Release|Any CPU.Deploy.0 = Release|Any CPU
		{D0632839-E58B-4ED0-893A-B69D91B64F57}.Release|ARM.ActiveCfg = Release|Any CPU
		{D0632839-E58B-4ED0-893A-B69D91B64F57}.Release|ARM.Build.0 = Release|Any CPU
		{D0632839-E58B-4ED0-893A-B69D91B64F57}.Release|ARM.Deploy.0 = Release|Any CPU
		{D0632839-E58B-4ED0-893A-B69D91B64F57}.Release|iPhone.ActiveCfg = Release|Any CPU
		{D0632839-E58B-4ED0-893A-B69D91B64F57}.Release|iPhone.Build.0 = Release|Any CPU
		{D0632839-E58B-4ED0-893A-B69D91B64F57}.Release|iPhone.Deploy.0 = Release|Any CPU
		{D0632839-E58B-4ED0-893A-B69D91B64F57}.Release|iPhoneSimulator.ActiveCfg = Release|Any CPU
		{D0632839-E58B-4ED0-893A-B69D91B64F57}.Release|iPhoneSimulator.Build.0 = Release|Any CPU
		{D0632839-E58B-4ED0-893A-B69D91B64F57}.Release|iPhoneSimulator.Deploy.0 = Release|Any CPU
		{D0632839-E58B-4ED0-893A-B69D91B64F57}.Release|x64.ActiveCfg = Release|Any CPU
		{D0632839-E58B-4ED0-893A-B69D91B64F57}.Release|x64.Build.0 = Release|Any CPU
		{D0632839-E58B-4ED0-893A-B69D91B64F57}.Release|x64.Deploy.0 = Release|Any CPU
		{D0632839-E58B-4ED0-893A-B69D91B64F57}.Release|x86.ActiveCfg = Release|Any CPU
		{D0632839-E58B-4ED0-893A-B69D91B64F57}.Release|x86.Build.0 = Release|Any CPU
		{D0632839-E58B-4ED0-893A-B69D91B64F57}.Release|x86.Deploy.0 = Release|Any CPU
	EndGlobalSection
	GlobalSection(SolutionProperties) = preSolution
		HideSolutionNode = FALSE
	EndGlobalSection
	GlobalSection(ExtensibilityGlobals) = postSolution
		SolutionGuid = {7906672E-E288-4869-A5A3-F8080F1563FC}
	EndGlobalSection
EndGlobal
